
Microsoft Visual Studio Solution File, Format Version 11.00
# Visual Studio 2010
Project("{FAE04EC0-301F-11D3-BF4B-00C04F79EFBC}") = "Assembly-CSharp", "Assembly-CSharp.csproj", "{5d7c5eba-bfa4-f9b7-416d-017838f73f67}"
EndProject
Project("{FAE04EC0-301F-11D3-BF4B-00C04F79EFBC}") = "Assembly-CSharp-firstpass", "Assembly-CSharp-firstpass.csproj", "{747d9801-bcd0-ed29-63af-01f91e571108}"
EndProject
Project("{FAE04EC0-301F-11D3-BF4B-00C04F79EFBC}") = "LeTai.TranslucentImage.Editor", "LeTai.TranslucentImage.Editor.csproj", "{280a60ca-e3c1-5ab6-8bc1-45b7b65ecd8c}"
EndProject
Project("{FAE04EC0-301F-11D3-BF4B-00C04F79EFBC}") = "Assembly-CSharp-Editor", "Assembly-CSharp-Editor.csproj", "{f8de63d1-048e-70d2-2e37-e376cae9888a}"
EndProject
Project("{FAE04EC0-301F-11D3-BF4B-00C04F79EFBC}") = "LeTai.TranslucentImage", "LeTai.TranslucentImage.csproj", "{deef0639-563d-6224-3f5c-799facc0b8ab}"
EndProject
Project("{FAE04EC0-301F-11D3-BF4B-00C04F79EFBC}") = "LeTai.TranslucentImage.UniversalRP", "LeTai.TranslucentImage.UniversalRP.csproj", "{edd806a8-fdca-e5cb-ae2b-08205166caf6}"
EndProject
Project("{FAE04EC0-301F-11D3-BF4B-00C04F79EFBC}") = "LeTai.TranslucentImage.UniversalRP.Editor", "LeTai.TranslucentImage.UniversalRP.Editor.csproj", "{298413b8-74fc-a8dd-657d-82cdbc2a8c7a}"
EndProject
Project("{FAE04EC0-301F-11D3-BF4B-00C04F79EFBC}") = "Assembly-CSharp-Editor-firstpass", "Assembly-CSharp-Editor-firstpass.csproj", "{9a5dfd96-8803-ed13-6558-84179dcfb93c}"
EndProject
Global
	GlobalSection(SolutionConfigurationPlatforms) = preSolution
		Debug|Any CPU = Debug|Any CPU
	EndGlobalSection
	GlobalSection(ProjectConfigurationPlatforms) = postSolution
		{5d7c5eba-bfa4-f9b7-416d-017838f73f67}.Debug|Any CPU.ActiveCfg = Debug|Any CPU
		{5d7c5eba-bfa4-f9b7-416d-017838f73f67}.Debug|Any CPU.Build.0 = Debug|Any CPU
		{747d9801-bcd0-ed29-63af-01f91e571108}.Debug|Any CPU.ActiveCfg = Debug|Any CPU
		{747d9801-bcd0-ed29-63af-01f91e571108}.Debug|Any CPU.Build.0 = Debug|Any CPU
		{280a60ca-e3c1-5ab6-8bc1-45b7b65ecd8c}.Debug|Any CPU.ActiveCfg = Debug|Any CPU
		{280a60ca-e3c1-5ab6-8bc1-45b7b65ecd8c}.Debug|Any CPU.Build.0 = Debug|Any CPU
		{f8de63d1-048e-70d2-2e37-e376cae9888a}.Debug|Any CPU.ActiveCfg = Debug|Any CPU
		{f8de63d1-048e-70d2-2e37-e376cae9888a}.Debug|Any CPU.Build.0 = Debug|Any CPU
		{deef0639-563d-6224-3f5c-799facc0b8ab}.Debug|Any CPU.ActiveCfg = Debug|Any CPU
		{deef0639-563d-6224-3f5c-799facc0b8ab}.Debug|Any CPU.Build.0 = Debug|Any CPU
		{edd806a8-fdca-e5cb-ae2b-08205166caf6}.Debug|Any CPU.ActiveCfg = Debug|Any CPU
		{edd806a8-fdca-e5cb-ae2b-08205166caf6}.Debug|Any CPU.Build.0 = Debug|Any CPU
		{298413b8-74fc-a8dd-657d-82cdbc2a8c7a}.Debug|Any CPU.ActiveCfg = Debug|Any CPU
		{298413b8-74fc-a8dd-657d-82cdbc2a8c7a}.Debug|Any CPU.Build.0 = Debug|Any CPU
		{9a5dfd96-8803-ed13-6558-84179dcfb93c}.Debug|Any CPU.ActiveCfg = Debug|Any CPU
		{9a5dfd96-8803-ed13-6558-84179dcfb93c}.Debug|Any CPU.Build.0 = Debug|Any CPU
	EndGlobalSection
	GlobalSection(SolutionProperties) = preSolution
		HideSolutionNode = FALSE
	EndGlobalSection
EndGlobal
